
Microsoft Visual Studio Solution File, Format Version 12.00
# Visual Studio Version 16
VisualStudioVersion = 16.0.31624.102
MinimumVisualStudioVersion = 10.0.40219.1
Project("{FAE04EC0-301F-11D3-BF4B-00C04F79EFBC}") = "ChallengeTicTacToe", "ChallengeTicTacToe\ChallengeTicTacToe.csproj", "{D8D0AFCE-A2A9-4C38-81BE-E57FAEBE036D}"
EndProject
Global
	GlobalSection(SolutionConfigurationPlatforms) = preSolution
		Debug|Any CPU = Debug|Any CPU
		Release|Any CPU = Release|Any CPU
	EndGlobalSection
	GlobalSection(ProjectConfigurationPlatforms) = postSolution
		{D8D0AFCE-A2A9-4C38-81BE-E57FAEBE036D}.Debug|Any CPU.ActiveCfg = Debug|Any CPU
		{D8D0AFCE-A2A9-4C38-81BE-E57FAEBE036D}.Debug|Any CPU.Build.0 = Debug|Any CPU
		{D8D0AFCE-A2A9-4C38-81BE-E57FAEBE036D}.Release|Any CPU.ActiveCfg = Release|Any CPU
		{D8D0AFCE-A2A9-4C38-81BE-E57FAEBE036D}.Release|Any CPU.Build.0 = Release|Any CPU
	EndGlobalSection
	GlobalSection(SolutionProperties) = preSolution
		HideSolutionNode = FALSE
	EndGlobalSection
	GlobalSection(ExtensibilityGlobals) = postSolution
		SolutionGuid = {1143CAAB-F497-41FA-9451-64AEAA78BA65}
	EndGlobalSection
EndGlobal
