
Microsoft Visual Studio Solution File, Format Version 12.00
# Visual Studio Version 16
VisualStudioVersion = 16.0.31624.102
MinimumVisualStudioVersion = 10.0.40219.1
Project("{FAE04EC0-301F-11D3-BF4B-00C04F79EFBC}") = "ChallengeString", "ChallengeString\ChallengeString.csproj", "{F587E5E2-833C-4F53-9360-E5A8AFF6B8CE}"
EndProject
Global
	GlobalSection(SolutionConfigurationPlatforms) = preSolution
		Debug|Any CPU = Debug|Any CPU
		Release|Any CPU = Release|Any CPU
	EndGlobalSection
	GlobalSection(ProjectConfigurationPlatforms) = postSolution
		{F587E5E2-833C-4F53-9360-E5A8AFF6B8CE}.Debug|Any CPU.ActiveCfg = Debug|Any CPU
		{F587E5E2-833C-4F53-9360-E5A8AFF6B8CE}.Debug|Any CPU.Build.0 = Debug|Any CPU
		{F587E5E2-833C-4F53-9360-E5A8AFF6B8CE}.Release|Any CPU.ActiveCfg = Release|Any CPU
		{F587E5E2-833C-4F53-9360-E5A8AFF6B8CE}.Release|Any CPU.Build.0 = Release|Any CPU
	EndGlobalSection
	GlobalSection(SolutionProperties) = preSolution
		HideSolutionNode = FALSE
	EndGlobalSection
	GlobalSection(ExtensibilityGlobals) = postSolution
		SolutionGuid = {D750C083-3348-4A0C-A4DB-2C2E0E7D37F5}
	EndGlobalSection
EndGlobal
