
Microsoft Visual Studio Solution File, Format Version 12.00
# Visual Studio Version 16
VisualStudioVersion = 16.0.31624.102
MinimumVisualStudioVersion = 10.0.40219.1
Project("{FAE04EC0-301F-11D3-BF4B-00C04F79EFBC}") = "HelloWorld", "HelloWorld\HelloWorld.csproj", "{32209781-413D-4C3A-84CC-CC1B56888713}"
EndProject
Global
	GlobalSection(SolutionConfigurationPlatforms) = preSolution
		Debug|Any CPU = Debug|Any CPU
		Release|Any CPU = Release|Any CPU
	EndGlobalSection
	GlobalSection(ProjectConfigurationPlatforms) = postSolution
		{32209781-413D-4C3A-84CC-CC1B56888713}.Debug|Any CPU.ActiveCfg = Debug|Any CPU
		{32209781-413D-4C3A-84CC-CC1B56888713}.Debug|Any CPU.Build.0 = Debug|Any CPU
		{32209781-413D-4C3A-84CC-CC1B56888713}.Release|Any CPU.ActiveCfg = Release|Any CPU
		{32209781-413D-4C3A-84CC-CC1B56888713}.Release|Any CPU.Build.0 = Release|Any CPU
	EndGlobalSection
	GlobalSection(SolutionProperties) = preSolution
		HideSolutionNode = FALSE
	EndGlobalSection
	GlobalSection(ExtensibilityGlobals) = postSolution
		SolutionGuid = {90C7B136-EBB1-44D1-9D1C-64C7D16303FF}
	EndGlobalSection
EndGlobal
