
Microsoft Visual Studio Solution File, Format Version 12.00
# Visual Studio Version 16
VisualStudioVersion = 16.0.31624.102
MinimumVisualStudioVersion = 10.0.40219.1
Project("{FAE04EC0-301F-11D3-BF4B-00C04F79EFBC}") = "ChallengeStudentHashTables", "ChallengeStudentHashTables\ChallengeStudentHashTables.csproj", "{1C93651E-FBD0-4E6D-B6C2-8F3EB0EDA4EE}"
EndProject
Global
	GlobalSection(SolutionConfigurationPlatforms) = preSolution
		Debug|Any CPU = Debug|Any CPU
		Release|Any CPU = Release|Any CPU
	EndGlobalSection
	GlobalSection(ProjectConfigurationPlatforms) = postSolution
		{1C93651E-FBD0-4E6D-B6C2-8F3EB0EDA4EE}.Debug|Any CPU.ActiveCfg = Debug|Any CPU
		{1C93651E-FBD0-4E6D-B6C2-8F3EB0EDA4EE}.Debug|Any CPU.Build.0 = Debug|Any CPU
		{1C93651E-FBD0-4E6D-B6C2-8F3EB0EDA4EE}.Release|Any CPU.ActiveCfg = Release|Any CPU
		{1C93651E-FBD0-4E6D-B6C2-8F3EB0EDA4EE}.Release|Any CPU.Build.0 = Release|Any CPU
	EndGlobalSection
	GlobalSection(SolutionProperties) = preSolution
		HideSolutionNode = FALSE
	EndGlobalSection
	GlobalSection(ExtensibilityGlobals) = postSolution
		SolutionGuid = {90ED2F1F-2F8B-4D6C-B11C-C824977DD297}
	EndGlobalSection
EndGlobal
