
Microsoft Visual Studio Solution File, Format Version 12.00
# Visual Studio Version 16
VisualStudioVersion = 16.0.31624.102
MinimumVisualStudioVersion = 10.0.40219.1
Project("{FAE04EC0-301F-11D3-BF4B-00C04F79EFBC}") = "ChallengeInheritanceWork", "ChallengeInheritanceWork\ChallengeInheritanceWork.csproj", "{01D9DE95-5D51-4ECF-BEF6-9759DFEFCEDB}"
EndProject
Global
	GlobalSection(SolutionConfigurationPlatforms) = preSolution
		Debug|Any CPU = Debug|Any CPU
		Release|Any CPU = Release|Any CPU
	EndGlobalSection
	GlobalSection(ProjectConfigurationPlatforms) = postSolution
		{01D9DE95-5D51-4ECF-BEF6-9759DFEFCEDB}.Debug|Any CPU.ActiveCfg = Debug|Any CPU
		{01D9DE95-5D51-4ECF-BEF6-9759DFEFCEDB}.Debug|Any CPU.Build.0 = Debug|Any CPU
		{01D9DE95-5D51-4ECF-BEF6-9759DFEFCEDB}.Release|Any CPU.ActiveCfg = Release|Any CPU
		{01D9DE95-5D51-4ECF-BEF6-9759DFEFCEDB}.Release|Any CPU.Build.0 = Release|Any CPU
	EndGlobalSection
	GlobalSection(SolutionProperties) = preSolution
		HideSolutionNode = FALSE
	EndGlobalSection
	GlobalSection(ExtensibilityGlobals) = postSolution
		SolutionGuid = {CA93FF7A-EC27-40CD-809F-19FCBB7566B6}
	EndGlobalSection
EndGlobal
